PODS:
  - Bolts/Tasks (1.4.0)
  - GoogleMaps (1.10.5)
  - MSDynamicsDrawerViewController (1.5.1)
  - NVActivityIndicatorView (2.1)
  - Parse (1.9.1):
    - Bolts/Tasks (>= 1.4.0)
  - ParseUI (1.1.6):
    - Bolts/Tasks (~> 1.2)
    - Parse (~> 1.8)

DEPENDENCIES:
  - GoogleMaps
  - MSDynamicsDrawerViewController
  - NVActivityIndicatorView
  - Parse
  - ParseUI

SPEC CHECKSUMS:
  Bolts: 0e9bce58b9b9f5e8a7a4d47b16d2fabec289072b
  GoogleMaps: da51c62c338c2d9c47cdad470a0d1e0e4b8544e4
  MSDynamicsDrawerViewController: 2874df90f5e9453dc7d4e32f8038b50615d4baa7
  NVActivityIndicatorView: 84aa48f7ec1efbfd0645e9f469097d94c6f65417
  Parse: 54a965c8c19a6dde90284ab654dbcc77ef8c001b
  ParseUI: 8a22e448c03f825203d8c379c80523517f68baa3

COCOAPODS: 0.39.0
