// !$*UTF8*$!
{
	archiveVersion = 1;
	classes = {
	};
	objectVersion = 46;
	objects = {

/* Begin PBXBuildFile section */
		03434EEB1BE5653D001E34D5 /* AppDelegate.swift in Sources */ = {isa = PBXBuildFile; fileRef = 03434EEA1BE5653D001E34D5 /* AppDelegate.swift */; };
		03434EED1BE5653D001E34D5 /* ViewController.swift in Sources */ = {isa = PBXBuildFile; fileRef = 03434EEC1BE5653D001E34D5 /* ViewController.swift */; };
		03434EF01BE5653D001E34D5 /* Main.storyboard in Resources */ = {isa = PBXBuildFile; fileRef = 03434EEE1BE5653D001E34D5 /* Main.storyboard */; };
		03434EF21BE5653D001E34D5 /* Assets.xcassets in Resources */ = {isa = PBXBuildFile; fileRef = 03434EF11BE5653D001E34D5 /* Assets.xcassets */; };
		03434EF51BE5653D001E34D5 /* LaunchScreen.storyboard in Resources */ = {isa = PBXBuildFile; fileRef = 03434EF31BE5653D001E34D5 /* LaunchScreen.storyboard */; };
		03434F001BE5653D001E34D5 /* StudrTests.swift in Sources */ = {isa = PBXBuildFile; fileRef = 03434EFF1BE5653D001E34D5 /* StudrTests.swift */; };
		03434F0B1BE5653D001E34D5 /* StudrUITests.swift in Sources */ = {isa = PBXBuildFile; fileRef = 03434F0A1BE5653D001E34D5 /* StudrUITests.swift */; };
		03B21EE41BE585F70052B0AD /* LogInViewController.swift in Sources */ = {isa = PBXBuildFile; fileRef = 03B21EE31BE585F70052B0AD /* LogInViewController.swift */; };
		03B21EE61BE5B0940052B0AD /* SignUpViewController.swift in Sources */ = {isa = PBXBuildFile; fileRef = 03B21EE51BE5B0940052B0AD /* SignUpViewController.swift */; };
		03DB962D1BE821F000B64E0C /* FontAwesome.otf in Resources */ = {isa = PBXBuildFile; fileRef = 03DB962C1BE8215A00B64E0C /* FontAwesome.otf */; };
		03EBCB331BE6B64500993FA4 /* PasswordResetViewControlelr.swift in Sources */ = {isa = PBXBuildFile; fileRef = 03EBCB321BE6B64500993FA4 /* PasswordResetViewControlelr.swift */; };
		03EBCB351BE6EE0A00993FA4 /* UserInfoViewController.swift in Sources */ = {isa = PBXBuildFile; fileRef = 03EBCB341BE6EE0A00993FA4 /* UserInfoViewController.swift */; };
		7C7AC9B11BE7E84500E2197C /* RoundedButton.swift in Sources */ = {isa = PBXBuildFile; fileRef = 7C7AC9B01BE7E84500E2197C /* RoundedButton.swift */; };
		CCDB5C6A1BE7D0C200ABA1E7 /* Database.swift in Sources */ = {isa = PBXBuildFile; fileRef = CCDB5C691BE7D0C200ABA1E7 /* Database.swift */; };
		DFA3AC6A2D6AB1EE1EDD9A1D /* Pods_Studr.framework in Frameworks */ = {isa = PBXBuildFile; fileRef = 7BB003DA95E1815EA77A42C6 /* Pods_Studr.framework */; };
/* End PBXBuildFile section */

/* Begin PBXContainerItemProxy section */
		03434EFC1BE5653D001E34D5 /* PBXContainerItemProxy */ = {
			isa = PBXContainerItemProxy;
			containerPortal = 03434EDF1BE5653D001E34D5 /* Project object */;
			proxyType = 1;
			remoteGlobalIDString = 03434EE61BE5653D001E34D5;
			remoteInfo = Studr;
		};
		03434F071BE5653D001E34D5 /* PBXContainerItemProxy */ = {
			isa = PBXContainerItemProxy;
			containerPortal = 03434EDF1BE5653D001E34D5 /* Project object */;
			proxyType = 1;
			remoteGlobalIDString = 03434EE61BE5653D001E34D5;
			remoteInfo = Studr;
		};
/* End PBXContainerItemProxy section */

/* Begin PBXFileReference section */
		03434EE71BE5653D001E34D5 /* Studr.app */ = {isa = PBXFileReference; explicitFileType = wrapper.application; includeInIndex = 0; path = Studr.app; sourceTree = BUILT_PRODUCTS_DIR; };
		03434EEA1BE5653D001E34D5 /* AppDelegate.swift */ = {isa = PBXFileReference; lastKnownFileType = sourcecode.swift; path = AppDelegate.swift; sourceTree = "<group>"; };
		03434EEC1BE5653D001E34D5 /* ViewController.swift */ = {isa = PBXFileReference; lastKnownFileType = sourcecode.swift; path = ViewController.swift; sourceTree = "<group>"; };
		03434EEF1BE5653D001E34D5 /* Base */ = {isa = PBXFileReference; lastKnownFileType = file.storyboard; name = Base; path = Base.lproj/Main.storyboard; sourceTree = "<group>"; };
		03434EF11BE5653D001E34D5 /* Assets.xcassets */ = {isa = PBXFileReference; lastKnownFileType = folder.assetcatalog; path = Assets.xcassets; sourceTree = "<group>"; };
		03434EF41BE5653D001E34D5 /* Base */ = {isa = PBXFileReference; lastKnownFileType = file.storyboard; name = Base; path = Base.lproj/LaunchScreen.storyboard; sourceTree = "<group>"; };
		03434EF61BE5653D001E34D5 /* Info.plist */ = {isa = PBXFileReference; lastKnownFileType = text.plist.xml; path = Info.plist; sourceTree = "<group>"; };
		03434EFB1BE5653D001E34D5 /* StudrTests.xctest */ = {isa = PBXFileReference; explicitFileType = wrapper.cfbundle; includeInIndex = 0; path = StudrTests.xctest; sourceTree = BUILT_PRODUCTS_DIR; };
		03434EFF1BE5653D001E34D5 /* StudrTests.swift */ = {isa = PBXFileReference; lastKnownFileType = sourcecode.swift; path = StudrTests.swift; sourceTree = "<group>"; };
		03434F011BE5653D001E34D5 /* Info.plist */ = {isa = PBXFileReference; lastKnownFileType = text.plist.xml; path = Info.plist; sourceTree = "<group>"; };
		03434F061BE5653D001E34D5 /* StudrUITests.xctest */ = {isa = PBXFileReference; explicitFileType = wrapper.cfbundle; includeInIndex = 0; path = StudrUITests.xctest; sourceTree = BUILT_PRODUCTS_DIR; };
		03434F0A1BE5653D001E34D5 /* StudrUITests.swift */ = {isa = PBXFileReference; lastKnownFileType = sourcecode.swift; path = StudrUITests.swift; sourceTree = "<group>"; };
		03434F0C1BE5653D001E34D5 /* Info.plist */ = {isa = PBXFileReference; lastKnownFileType = text.plist.xml; path = Info.plist; sourceTree = "<group>"; };
		03B21EE31BE585F70052B0AD /* LogInViewController.swift */ = {isa = PBXFileReference; fileEncoding = 4; lastKnownFileType = sourcecode.swift; path = LogInViewController.swift; sourceTree = "<group>"; };
		03B21EE51BE5B0940052B0AD /* SignUpViewController.swift */ = {isa = PBXFileReference; fileEncoding = 4; lastKnownFileType = sourcecode.swift; path = SignUpViewController.swift; sourceTree = "<group>"; };
		03DB962C1BE8215A00B64E0C /* FontAwesome.otf */ = {isa = PBXFileReference; lastKnownFileType = file; path = FontAwesome.otf; sourceTree = "<group>"; };
		03EBCB321BE6B64500993FA4 /* PasswordResetViewControlelr.swift */ = {isa = PBXFileReference; fileEncoding = 4; lastKnownFileType = sourcecode.swift; path = PasswordResetViewControlelr.swift; sourceTree = "<group>"; };
		03EBCB341BE6EE0A00993FA4 /* UserInfoViewController.swift */ = {isa = PBXFileReference; fileEncoding = 4; lastKnownFileType = sourcecode.swift; path = UserInfoViewController.swift; sourceTree = "<group>"; };
		5BEFD51F893236256B903473 /* Pods-Studr.debug.xcconfig */ = {isa = PBXFileReference; includeInIndex = 1; lastKnownFileType = text.xcconfig; name = "Pods-Studr.debug.xcconfig"; path = "Pods/Target Support Files/Pods-Studr/Pods-Studr.debug.xcconfig"; sourceTree = "<group>"; };
		7BB003DA95E1815EA77A42C6 /* Pods_Studr.framework */ = {isa = PBXFileReference; explicitFileType = wrapper.framework; includeInIndex = 0; path = Pods_Studr.framework; sourceTree = BUILT_PRODUCTS_DIR; };
		7C7AC9B01BE7E84500E2197C /* RoundedButton.swift */ = {isa = PBXFileReference; fileEncoding = 4; lastKnownFileType = sourcecode.swift; path = RoundedButton.swift; sourceTree = "<group>"; };
		CCDB5C691BE7D0C200ABA1E7 /* Database.swift */ = {isa = PBXFileReference; fileEncoding = 4; lastKnownFileType = sourcecode.swift; path = Database.swift; sourceTree = "<group>"; };
		E3B5FDF1BD1B74276DD453C4 /* Pods-Studr.release.xcconfig */ = {isa = PBXFileReference; includeInIndex = 1; lastKnownFileType = text.xcconfig; name = "Pods-Studr.release.xcconfig"; path = "Pods/Target Support Files/Pods-Studr/Pods-Studr.release.xcconfig"; sourceTree = "<group>"; };
/* End PBXFileReference section */

/* Begin PBXFrameworksBuildPhase section */
		03434EE41BE5653D001E34D5 /* Frameworks */ = {
			isa = PBXFrameworksBuildPhase;
			buildActionMask = 2147483647;
			files = (
				DFA3AC6A2D6AB1EE1EDD9A1D /* Pods_Studr.framework in Frameworks */,
			);
			runOnlyForDeploymentPostprocessing = 0;
		};
		03434EF81BE5653D001E34D5 /* Frameworks */ = {
			isa = PBXFrameworksBuildPhase;
			buildActionMask = 2147483647;
			files = (
			);
			runOnlyForDeploymentPostprocessing = 0;
		};
		03434F031BE5653D001E34D5 /* Frameworks */ = {
			isa = PBXFrameworksBuildPhase;
			buildActionMask = 2147483647;
			files = (
			);
			runOnlyForDeploymentPostprocessing = 0;
		};
/* End PBXFrameworksBuildPhase section */

/* Begin PBXGroup section */
		03434EDE1BE5653D001E34D5 = {
			isa = PBXGroup;
			children = (
				C7831B265682928FB6D34252 /* Frameworks */,
				F7F88BD524691B47B83004AA /* Pods */,
				03434EE81BE5653D001E34D5 /* Products */,
				03434EE91BE5653D001E34D5 /* Studr */,
				03434EFE1BE5653D001E34D5 /* StudrTests */,
				03434F091BE5653D001E34D5 /* StudrUITests */,
			);
			sourceTree = "<group>";
		};
		03434EE81BE5653D001E34D5 /* Products */ = {
			isa = PBXGroup;
			children = (
				03434EE71BE5653D001E34D5 /* Studr.app */,
				03434EFB1BE5653D001E34D5 /* StudrTests.xctest */,
				03434F061BE5653D001E34D5 /* StudrUITests.xctest */,
			);
			name = Products;
			sourceTree = "<group>";
		};
		03434EE91BE5653D001E34D5 /* Studr */ = {
			isa = PBXGroup;
			children = (
				03B21EE11BE579A70052B0AD /* Database */,
				03DB962B1BE8213100B64E0C /* Fonts */,
				03B21EE21BE579BA0052B0AD /* User Interface */,
				03434EEA1BE5653D001E34D5 /* AppDelegate.swift */,
				03434EF11BE5653D001E34D5 /* Assets.xcassets */,
				03434EF61BE5653D001E34D5 /* Info.plist */,
				03434EF31BE5653D001E34D5 /* LaunchScreen.storyboard */,
				03434EEE1BE5653D001E34D5 /* Main.storyboard */,
				03434EEC1BE5653D001E34D5 /* ViewController.swift */,
			);
			path = Studr;
			sourceTree = "<group>";
		};
		03434EFE1BE5653D001E34D5 /* StudrTests */ = {
			isa = PBXGroup;
			children = (
				03434F011BE5653D001E34D5 /* Info.plist */,
				03434EFF1BE5653D001E34D5 /* StudrTests.swift */,
			);
			path = StudrTests;
			sourceTree = "<group>";
		};
		03434F091BE5653D001E34D5 /* StudrUITests */ = {
			isa = PBXGroup;
			children = (
				03434F0C1BE5653D001E34D5 /* Info.plist */,
				03434F0A1BE5653D001E34D5 /* StudrUITests.swift */,
			);
			path = StudrUITests;
			sourceTree = "<group>";
		};
		03B21EE11BE579A70052B0AD /* Database */ = {
			isa = PBXGroup;
			children = (
				CCDB5C691BE7D0C200ABA1E7 /* Database.swift */,
			);
			path = Database;
			sourceTree = "<group>";
		};
		03B21EE21BE579BA0052B0AD /* User Interface */ = {
			isa = PBXGroup;
			children = (
				03B21EE31BE585F70052B0AD /* LogInViewController.swift */,
				03EBCB321BE6B64500993FA4 /* PasswordResetViewControlelr.swift */,
				7C7AC9B01BE7E84500E2197C /* RoundedButton.swift */,
				03B21EE51BE5B0940052B0AD /* SignUpViewController.swift */,
				03EBCB341BE6EE0A00993FA4 /* UserInfoViewController.swift */,
			);
			path = "User Interface";
			sourceTree = "<group>";
		};
		03DB962B1BE8213100B64E0C /* Fonts */ = {
			isa = PBXGroup;
			children = (
				03DB962C1BE8215A00B64E0C /* FontAwesome.otf */,
			);
			path = Fonts;
			sourceTree = "<group>";
		};
		C7831B265682928FB6D34252 /* Frameworks */ = {
			isa = PBXGroup;
			children = (
				7BB003DA95E1815EA77A42C6 /* Pods_Studr.framework */,
			);
			name = Frameworks;
			sourceTree = "<group>";
		};
		F7F88BD524691B47B83004AA /* Pods */ = {
			isa = PBXGroup;
			children = (
				5BEFD51F893236256B903473 /* Pods-Studr.debug.xcconfig */,
				E3B5FDF1BD1B74276DD453C4 /* Pods-Studr.release.xcconfig */,
			);
			name = Pods;
			sourceTree = "<group>";
		};
/* End PBXGroup section */

/* Begin PBXNativeTarget section */
		03434EE61BE5653D001E34D5 /* Studr */ = {
			isa = PBXNativeTarget;
			buildConfigurationList = 03434F0F1BE5653D001E34D5 /* Build configuration list for PBXNativeTarget "Studr" */;
			buildPhases = (
				CFB9A7F02341F2AE1989FC40 /* Check Pods Manifest.lock */,
				03434EE31BE5653D001E34D5 /* Sources */,
				03434EE41BE5653D001E34D5 /* Frameworks */,
				03434EE51BE5653D001E34D5 /* Resources */,
				1959DF30D9D6731476EC490D /* Embed Pods Frameworks */,
				25D3FEB8091454107B381866 /* Copy Pods Resources */,
			);
			buildRules = (
			);
			dependencies = (
			);
			name = Studr;
			productName = Studr;
			productReference = 03434EE71BE5653D001E34D5 /* Studr.app */;
			productType = "com.apple.product-type.application";
		};
		03434EFA1BE5653D001E34D5 /* StudrTests */ = {
			isa = PBXNativeTarget;
			buildConfigurationList = 03434F121BE5653D001E34D5 /* Build configuration list for PBXNativeTarget "StudrTests" */;
			buildPhases = (
				03434EF71BE5653D001E34D5 /* Sources */,
				03434EF81BE5653D001E34D5 /* Frameworks */,
				03434EF91BE5653D001E34D5 /* Resources */,
			);
			buildRules = (
			);
			dependencies = (
				03434EFD1BE5653D001E34D5 /* PBXTargetDependency */,
			);
			name = StudrTests;
			productName = StudrTests;
			productReference = 03434EFB1BE5653D001E34D5 /* StudrTests.xctest */;
			productType = "com.apple.product-type.bundle.unit-test";
		};
		03434F051BE5653D001E34D5 /* StudrUITests */ = {
			isa = PBXNativeTarget;
			buildConfigurationList = 03434F151BE5653D001E34D5 /* Build configuration list for PBXNativeTarget "StudrUITests" */;
			buildPhases = (
				03434F021BE5653D001E34D5 /* Sources */,
				03434F031BE5653D001E34D5 /* Frameworks */,
				03434F041BE5653D001E34D5 /* Resources */,
			);
			buildRules = (
			);
			dependencies = (
				03434F081BE5653D001E34D5 /* PBXTargetDependency */,
			);
			name = StudrUITests;
			productName = StudrUITests;
			productReference = 03434F061BE5653D001E34D5 /* StudrUITests.xctest */;
			productType = "com.apple.product-type.bundle.ui-testing";
		};
/* End PBXNativeTarget section */

/* Begin PBXProject section */
		03434EDF1BE5653D001E34D5 /* Project object */ = {
			isa = PBXProject;
			attributes = {
				LastSwiftUpdateCheck = 0710;
				LastUpgradeCheck = 0710;
				ORGANIZATIONNAME = JJR;
				TargetAttributes = {
					03434EE61BE5653D001E34D5 = {
						CreatedOnToolsVersion = 7.1;
					};
					03434EFA1BE5653D001E34D5 = {
						CreatedOnToolsVersion = 7.1;
						TestTargetID = 03434EE61BE5653D001E34D5;
					};
					03434F051BE5653D001E34D5 = {
						CreatedOnToolsVersion = 7.1;
						TestTargetID = 03434EE61BE5653D001E34D5;
					};
				};
			};
			buildConfigurationList = 03434EE21BE5653D001E34D5 /* Build configuration list for PBXProject "Studr" */;
			compatibilityVersion = "Xcode 3.2";
			developmentRegion = English;
			hasScannedForEncodings = 0;
			knownRegions = (
				en,
				Base,
			);
			mainGroup = 03434EDE1BE5653D001E34D5;
			productRefGroup = 03434EE81BE5653D001E34D5 /* Products */;
			projectDirPath = "";
			projectRoot = "";
			targets = (
				03434EE61BE5653D001E34D5 /* Studr */,
				03434EFA1BE5653D001E34D5 /* StudrTests */,
				03434F051BE5653D001E34D5 /* StudrUITests */,
			);
		};
/* End PBXProject section */

/* Begin PBXResourcesBuildPhase section */
		03434EE51BE5653D001E34D5 /* Resources */ = {
			isa = PBXResourcesBuildPhase;
			buildActionMask = 2147483647;
			files = (
				03DB962D1BE821F000B64E0C /* FontAwesome.otf in Resources */,
				03434EF51BE5653D001E34D5 /* LaunchScreen.storyboard in Resources */,
				03434EF21BE5653D001E34D5 /* Assets.xcassets in Resources */,
				03434EF01BE5653D001E34D5 /* Main.storyboard in Resources */,
			);
			runOnlyForDeploymentPostprocessing = 0;
		};
		03434EF91BE5653D001E34D5 /* Resources */ = {
			isa = PBXResourcesBuildPhase;
			buildActionMask = 2147483647;
			files = (
			);
			runOnlyForDeploymentPostprocessing = 0;
		};
		03434F041BE5653D001E34D5 /* Resources */ = {
			isa = PBXResourcesBuildPhase;
			buildActionMask = 2147483647;
			files = (
			);
			runOnlyForDeploymentPostprocessing = 0;
		};
/* End PBXResourcesBuildPhase section */

/* Begin PBXShellScriptBuildPhase section */
		1959DF30D9D6731476EC490D /* Embed Pods Frameworks */ = {
			isa = PBXShellScriptBuildPhase;
			buildActionMask = 2147483647;
			files = (
			);
			inputPaths = (
			);
			name = "Embed Pods Frameworks";
			outputPaths = (
			);
			runOnlyForDeploymentPostprocessing = 0;
			shellPath = /bin/sh;
			shellScript = "\"${SRCROOT}/Pods/Target Support Files/Pods-Studr/Pods-Studr-frameworks.sh\"\n";
			showEnvVarsInLog = 0;
		};
		25D3FEB8091454107B381866 /* Copy Pods Resources */ = {
			isa = PBXShellScriptBuildPhase;
			buildActionMask = 2147483647;
			files = (
			);
			inputPaths = (
			);
			name = "Copy Pods Resources";
			outputPaths = (
			);
			runOnlyForDeploymentPostprocessing = 0;
			shellPath = /bin/sh;
			shellScript = "\"${SRCROOT}/Pods/Target Support Files/Pods-Studr/Pods-Studr-resources.sh\"\n";
			showEnvVarsInLog = 0;
		};
		CFB9A7F02341F2AE1989FC40 /* Check Pods Manifest.lock */ = {
			isa = PBXShellScriptBuildPhase;
			buildActionMask = 2147483647;
			files = (
			);
			inputPaths = (
			);
			name = "Check Pods Manifest.lock";
			outputPaths = (
			);
			runOnlyForDeploymentPostprocessing = 0;
			shellPath = /bin/sh;
			shellScript = "diff \"${PODS_ROOT}/../Podfile.lock\" \"${PODS_ROOT}/Manifest.lock\" > /dev/null\nif [[ $? != 0 ]] ; then\n    cat << EOM\nerror: The sandbox is not in sync with the Podfile.lock. Run 'pod install' or update your CocoaPods installation.\nEOM\n    exit 1\nfi\n";
			showEnvVarsInLog = 0;
		};
/* End PBXShellScriptBuildPhase section */

/* Begin PBXSourcesBuildPhase section */
		03434EE31BE5653D001E34D5 /* Sources */ = {
			isa = PBXSourcesBuildPhase;
			buildActionMask = 2147483647;
			files = (
				03EBCB351BE6EE0A00993FA4 /* UserInfoViewController.swift in Sources */,
				03B21EE41BE585F70052B0AD /* LogInViewController.swift in Sources */,
				03434EED1BE5653D001E34D5 /* ViewController.swift in Sources */,
				7C7AC9B11BE7E84500E2197C /* RoundedButton.swift in Sources */,
				03B21EE61BE5B0940052B0AD /* SignUpViewController.swift in Sources */,
				03434EEB1BE5653D001E34D5 /* AppDelegate.swift in Sources */,
				CCDB5C6A1BE7D0C200ABA1E7 /* Database.swift in Sources */,
				03EBCB331BE6B64500993FA4 /* PasswordResetViewControlelr.swift in Sources */,
			);
			runOnlyForDeploymentPostprocessing = 0;
		};
		03434EF71BE5653D001E34D5 /* Sources */ = {
			isa = PBXSourcesBuildPhase;
			buildActionMask = 2147483647;
			files = (
				03434F001BE5653D001E34D5 /* StudrTests.swift in Sources */,
			);
			runOnlyForDeploymentPostprocessing = 0;
		};
		03434F021BE5653D001E34D5 /* Sources */ = {
			isa = PBXSourcesBuildPhase;
			buildActionMask = 2147483647;
			files = (
				03434F0B1BE5653D001E34D5 /* StudrUITests.swift in Sources */,
			);
			runOnlyForDeploymentPostprocessing = 0;
		};
/* End PBXSourcesBuildPhase section */

/* Begin PBXTargetDependency section */
		03434EFD1BE5653D001E34D5 /* PBXTargetDependency */ = {
			isa = PBXTargetDependency;
			target = 03434EE61BE5653D001E34D5 /* Studr */;
			targetProxy = 03434EFC1BE5653D001E34D5 /* PBXContainerItemProxy */;
		};
		03434F081BE5653D001E34D5 /* PBXTargetDependency */ = {
			isa = PBXTargetDependency;
			target = 03434EE61BE5653D001E34D5 /* Studr */;
			targetProxy = 03434F071BE5653D001E34D5 /* PBXContainerItemProxy */;
		};
/* End PBXTargetDependency section */

/* Begin PBXVariantGroup section */
		03434EEE1BE5653D001E34D5 /* Main.storyboard */ = {
			isa = PBXVariantGroup;
			children = (
				03434EEF1BE5653D001E34D5 /* Base */,
			);
			name = Main.storyboard;
			path = .;
			sourceTree = "<group>";
		};
		03434EF31BE5653D001E34D5 /* LaunchScreen.storyboard */ = {
			isa = PBXVariantGroup;
			children = (
				03434EF41BE5653D001E34D5 /* Base */,
			);
			name = LaunchScreen.storyboard;
			path = .;
			sourceTree = "<group>";
		};
/* End PBXVariantGroup section */

/* Begin XCBuildConfiguration section */
		03434F0D1BE5653D001E34D5 /* Debug */ = {
			isa = XCBuildConfiguration;
			buildSettings = {
				ALWAYS_SEARCH_USER_PATHS = NO;
				CLANG_CXX_LANGUAGE_STANDARD = "gnu++0x";
				CLANG_CXX_LIBRARY = "libc++";
				CLANG_ENABLE_MODULES = YES;
				CLANG_ENABLE_OBJC_ARC = YES;
				CLANG_WARN_BOOL_CONVERSION = YES;
				CLANG_WARN_CONSTANT_CONVERSION = YES;
				CLANG_WARN_DIRECT_OBJC_ISA_USAGE = YES_ERROR;
				CLANG_WARN_EMPTY_BODY = YES;
				CLANG_WARN_ENUM_CONVERSION = YES;
				CLANG_WARN_INT_CONVERSION = YES;
				CLANG_WARN_OBJC_ROOT_CLASS = YES_ERROR;
				CLANG_WARN_UNREACHABLE_CODE = YES;
				CLANG_WARN__DUPLICATE_METHOD_MATCH = YES;
				"CODE_SIGN_IDENTITY[sdk=iphoneos*]" = "iPhone Developer";
				COPY_PHASE_STRIP = NO;
				DEBUG_INFORMATION_FORMAT = dwarf;
				ENABLE_STRICT_OBJC_MSGSEND = YES;
				ENABLE_TESTABILITY = YES;
				GCC_C_LANGUAGE_STANDARD = gnu99;
				GCC_DYNAMIC_NO_PIC = NO;
				GCC_NO_COMMON_BLOCKS = YES;
				GCC_OPTIMIZATION_LEVEL = 0;
				GCC_PREPROCESSOR_DEFINITIONS = (
					"DEBUG=1",
					"$(inherited)",
				);
				GCC_WARN_64_TO_32_BIT_CONVERSION = YES;
				GCC_WARN_ABOUT_RETURN_TYPE = YES_ERROR;
				GCC_WARN_UNDECLARED_SELECTOR = YES;
				GCC_WARN_UNINITIALIZED_AUTOS = YES_AGGRESSIVE;
				GCC_WARN_UNUSED_FUNCTION = YES;
				GCC_WARN_UNUSED_VARIABLE = YES;
				IPHONEOS_DEPLOYMENT_TARGET = 9.1;
				MTL_ENABLE_DEBUG_INFO = YES;
				ONLY_ACTIVE_ARCH = YES;
				SDKROOT = iphoneos;
				SWIFT_OPTIMIZATION_LEVEL = "-Onone";
				TARGETED_DEVICE_FAMILY = "1,2";
			};
			name = Debug;
		};
		03434F0E1BE5653D001E34D5 /* Release */ = {
			isa = XCBuildConfiguration;
			buildSettings = {
				ALWAYS_SEARCH_USER_PATHS = NO;
				CLANG_CXX_LANGUAGE_STANDARD = "gnu++0x";
				CLANG_CXX_LIBRARY = "libc++";
				CLANG_ENABLE_MODULES = YES;
				CLANG_ENABLE_OBJC_ARC = YES;
				CLANG_WARN_BOOL_CONVERSION = YES;
				CLANG_WARN_CONSTANT_CONVERSION = YES;
				CLANG_WARN_DIRECT_OBJC_ISA_USAGE = YES_ERROR;
				CLANG_WARN_EMPTY_BODY = YES;
				CLANG_WARN_ENUM_CONVERSION = YES;
				CLANG_WARN_INT_CONVERSION = YES;
				CLANG_WARN_OBJC_ROOT_CLASS = YES_ERROR;
				CLANG_WARN_UNREACHABLE_CODE = YES;
				CLANG_WARN__DUPLICATE_METHOD_MATCH = YES;
				"CODE_SIGN_IDENTITY[sdk=iphoneos*]" = "iPhone Developer";
				COPY_PHASE_STRIP = NO;
				DEBUG_INFORMATION_FORMAT = "dwarf-with-dsym";
				ENABLE_NS_ASSERTIONS = NO;
				ENABLE_STRICT_OBJC_MSGSEND = YES;
				GCC_C_LANGUAGE_STANDARD = gnu99;
				GCC_NO_COMMON_BLOCKS = YES;
				GCC_WARN_64_TO_32_BIT_CONVERSION = YES;
				GCC_WARN_ABOUT_RETURN_TYPE = YES_ERROR;
				GCC_WARN_UNDECLARED_SELECTOR = YES;
				GCC_WARN_UNINITIALIZED_AUTOS = YES_AGGRESSIVE;
				GCC_WARN_UNUSED_FUNCTION = YES;
				GCC_WARN_UNUSED_VARIABLE = YES;
				IPHONEOS_DEPLOYMENT_TARGET = 9.1;
				MTL_ENABLE_DEBUG_INFO = NO;
				SDKROOT = iphoneos;
				TARGETED_DEVICE_FAMILY = "1,2";
				VALIDATE_PRODUCT = YES;
			};
			name = Release;
		};
		03434F101BE5653D001E34D5 /* Debug */ = {
			isa = XCBuildConfiguration;
			baseConfigurationReference = 5BEFD51F893236256B903473 /* Pods-Studr.debug.xcconfig */;
			buildSettings = {
				ASSETCATALOG_COMPILER_APPICON_NAME = AppIcon;
				CODE_SIGN_IDENTITY = "iPhone Developer";
				INFOPLIST_FILE = Studr/Info.plist;
				LD_RUNPATH_SEARCH_PATHS = "$(inherited) @executable_path/Frameworks";
				PRODUCT_BUNDLE_IDENTIFIER = jjr.Studr;
				PRODUCT_NAME = "$(TARGET_NAME)";
			};
			name = Debug;
		};
		03434F111BE5653D001E34D5 /* Release */ = {
			isa = XCBuildConfiguration;
			baseConfigurationReference = E3B5FDF1BD1B74276DD453C4 /* Pods-Studr.release.xcconfig */;
			buildSettings = {
				ASSETCATALOG_COMPILER_APPICON_NAME = AppIcon;
				CODE_SIGN_IDENTITY = "iPhone Developer";
				INFOPLIST_FILE = Studr/Info.plist;
				LD_RUNPATH_SEARCH_PATHS = "$(inherited) @executable_path/Frameworks";
				PRODUCT_BUNDLE_IDENTIFIER = jjr.Studr;
				PRODUCT_NAME = "$(TARGET_NAME)";
			};
			name = Release;
		};
		03434F131BE5653D001E34D5 /* Debug */ = {
			isa = XCBuildConfiguration;
			buildSettings = {
				BUNDLE_LOADER = "$(TEST_HOST)";
				INFOPLIST_FILE = StudrTests/Info.plist;
				LD_RUNPATH_SEARCH_PATHS = "$(inherited) @executable_path/Frameworks @loader_path/Frameworks";
				PRODUCT_BUNDLE_IDENTIFIER = jjr.StudrTests;
				PRODUCT_NAME = "$(TARGET_NAME)";
				TEST_HOST = "$(BUILT_PRODUCTS_DIR)/Studr.app/Studr";
			};
			name = Debug;
		};
		03434F141BE5653D001E34D5 /* Release */ = {
			isa = XCBuildConfiguration;
			buildSettings = {
				BUNDLE_LOADER = "$(TEST_HOST)";
				INFOPLIST_FILE = StudrTests/Info.plist;
				LD_RUNPATH_SEARCH_PATHS = "$(inherited) @executable_path/Frameworks @loader_path/Frameworks";
				PRODUCT_BUNDLE_IDENTIFIER = jjr.StudrTests;
				PRODUCT_NAME = "$(TARGET_NAME)";
				TEST_HOST = "$(BUILT_PRODUCTS_DIR)/Studr.app/Studr";
			};
			name = Release;
		};
		03434F161BE5653D001E34D5 /* Debug */ = {
			isa = XCBuildConfiguration;
			buildSettings = {
				INFOPLIST_FILE = StudrUITests/Info.plist;
				LD_RUNPATH_SEARCH_PATHS = "$(inherited) @executable_path/Frameworks @loader_path/Frameworks";
				PRODUCT_BUNDLE_IDENTIFIER = jjr.StudrUITests;
				PRODUCT_NAME = "$(TARGET_NAME)";
				TEST_TARGET_NAME = Studr;
				USES_XCTRUNNER = YES;
			};
			name = Debug;
		};
		03434F171BE5653D001E34D5 /* Release */ = {
			isa = XCBuildConfiguration;
			buildSettings = {
				INFOPLIST_FILE = StudrUITests/Info.plist;
				LD_RUNPATH_SEARCH_PATHS = "$(inherited) @executable_path/Frameworks @loader_path/Frameworks";
				PRODUCT_BUNDLE_IDENTIFIER = jjr.StudrUITests;
				PRODUCT_NAME = "$(TARGET_NAME)";
				TEST_TARGET_NAME = Studr;
				USES_XCTRUNNER = YES;
			};
			name = Release;
		};
/* End XCBuildConfiguration section */

/* Begin XCConfigurationList section */
		03434EE21BE5653D001E34D5 /* Build configuration list for PBXProject "Studr" */ = {
			isa = XCConfigurationList;
			buildConfigurations = (
				03434F0D1BE5653D001E34D5 /* Debug */,
				03434F0E1BE5653D001E34D5 /* Release */,
			);
			defaultConfigurationIsVisible = 0;
			defaultConfigurationName = Release;
		};
		03434F0F1BE5653D001E34D5 /* Build configuration list for PBXNativeTarget "Studr" */ = {
			isa = XCConfigurationList;
			buildConfigurations = (
				03434F101BE5653D001E34D5 /* Debug */,
				03434F111BE5653D001E34D5 /* Release */,
			);
			defaultConfigurationIsVisible = 0;
			defaultConfigurationName = Release;
		};
		03434F121BE5653D001E34D5 /* Build configuration list for PBXNativeTarget "StudrTests" */ = {
			isa = XCConfigurationList;
			buildConfigurations = (
				03434F131BE5653D001E34D5 /* Debug */,
				03434F141BE5653D001E34D5 /* Release */,
			);
			defaultConfigurationIsVisible = 0;
			defaultConfigurationName = Release;
		};
		03434F151BE5653D001E34D5 /* Build configuration list for PBXNativeTarget "StudrUITests" */ = {
			isa = XCConfigurationList;
			buildConfigurations = (
				03434F161BE5653D001E34D5 /* Debug */,
				03434F171BE5653D001E34D5 /* Release */,
			);
			defaultConfigurationIsVisible = 0;
			defaultConfigurationName = Release;
		};
/* End XCConfigurationList section */
	};
	rootObject = 03434EDF1BE5653D001E34D5 /* Project object */;
}
