// !$*UTF8*$!
{
	archiveVersion = 1;
	classes = {
	};
	objectVersion = 46;
	objects = {

/* Begin PBXBuildFile section */
		0314ED881C0A3D50007F6342 /* SettingsViewController.swift in Sources */ = {isa = PBXBuildFile; fileRef = 0314ED871C0A3D50007F6342 /* SettingsViewController.swift */; };
		03434EEB1BE5653D001E34D5 /* AppDelegate.swift in Sources */ = {isa = PBXBuildFile; fileRef = 03434EEA1BE5653D001E34D5 /* AppDelegate.swift */; };
		03434EF01BE5653D001E34D5 /* Main.storyboard in Resources */ = {isa = PBXBuildFile; fileRef = 03434EEE1BE5653D001E34D5 /* Main.storyboard */; };
		03434EF21BE5653D001E34D5 /* Assets.xcassets in Resources */ = {isa = PBXBuildFile; fileRef = 03434EF11BE5653D001E34D5 /* Assets.xcassets */; };
		03434EF51BE5653D001E34D5 /* LaunchScreen.storyboard in Resources */ = {isa = PBXBuildFile; fileRef = 03434EF31BE5653D001E34D5 /* LaunchScreen.storyboard */; };
		03434F001BE5653D001E34D5 /* StudrTests.swift in Sources */ = {isa = PBXBuildFile; fileRef = 03434EFF1BE5653D001E34D5 /* StudrTests.swift */; };
		03434F0B1BE5653D001E34D5 /* StudrUITests.swift in Sources */ = {isa = PBXBuildFile; fileRef = 03434F0A1BE5653D001E34D5 /* StudrUITests.swift */; };
		035C93211C15112D00E2050D /* MainTabBarController.swift in Sources */ = {isa = PBXBuildFile; fileRef = 035C93201C15112D00E2050D /* MainTabBarController.swift */; };
		03927DE11BEBB321004C35DD /* NotificationLabel.swift in Sources */ = {isa = PBXBuildFile; fileRef = 03927DE01BEBB321004C35DD /* NotificationLabel.swift */; };
		039D82FD1C08D97E00C9D46A /* UserCell.xib in Resources */ = {isa = PBXBuildFile; fileRef = 039D82FC1C08D97E00C9D46A /* UserCell.xib */; };
		03A73B2B1C0A7E1B0033C779 /* AboutViewController.swift in Sources */ = {isa = PBXBuildFile; fileRef = 03A73B2A1C0A7E1B0033C779 /* AboutViewController.swift */; };
		03A73B2D1C0A7E5F0033C779 /* EditProfileViewController.swift in Sources */ = {isa = PBXBuildFile; fileRef = 03A73B2C1C0A7E5F0033C779 /* EditProfileViewController.swift */; };
		03A73B311C0A7F070033C779 /* LibrariesViewController.swift in Sources */ = {isa = PBXBuildFile; fileRef = 03A73B301C0A7F070033C779 /* LibrariesViewController.swift */; };
		03A73B331C0A8D080033C779 /* GroupsViewController.swift in Sources */ = {isa = PBXBuildFile; fileRef = 03A73B321C0A8D080033C779 /* GroupsViewController.swift */; };
		03B21EE41BE585F70052B0AD /* SignInViewController.swift in Sources */ = {isa = PBXBuildFile; fileRef = 03B21EE31BE585F70052B0AD /* SignInViewController.swift */; };
		03B21EE61BE5B0940052B0AD /* SignUpViewController.swift in Sources */ = {isa = PBXBuildFile; fileRef = 03B21EE51BE5B0940052B0AD /* SignUpViewController.swift */; };
		03CB77711BEFD074007C21AA /* ne-UINavigationControllerExtension.swift in Sources */ = {isa = PBXBuildFile; fileRef = 03CB77701BEFD074007C21AA /* ne-UINavigationControllerExtension.swift */; };
		03CB77801BF92249007C21AA /* CustomCells.swift in Sources */ = {isa = PBXBuildFile; fileRef = 03CB777F1BF92249007C21AA /* CustomCells.swift */; };
		03DB962D1BE821F000B64E0C /* FontAwesome.otf in Resources */ = {isa = PBXBuildFile; fileRef = 03DB962C1BE8215A00B64E0C /* FontAwesome.otf */; };
		03EBCB331BE6B64500993FA4 /* ResetPasswordViewController.swift in Sources */ = {isa = PBXBuildFile; fileRef = 03EBCB321BE6B64500993FA4 /* ResetPasswordViewController.swift */; };
		7C13158B1C15063B00C45854 /* CAPSPageMenu.swift in Sources */ = {isa = PBXBuildFile; fileRef = 7C13158A1C15063B00C45854 /* CAPSPageMenu.swift */; };
		7C13158F1C154B9100C45854 /* FriendViewController.swift in Sources */ = {isa = PBXBuildFile; fileRef = 7C13158E1C154B9100C45854 /* FriendViewController.swift */; };
		7C1315911C166F1E00C45854 /* AddFriendsTableViewController.swift in Sources */ = {isa = PBXBuildFile; fileRef = 7C1315901C166F1E00C45854 /* AddFriendsTableViewController.swift */; };
		7C1315931C17369100C45854 /* FriendshipStatus.swift in Sources */ = {isa = PBXBuildFile; fileRef = 7C1315921C17369000C45854 /* FriendshipStatus.swift */; };
		7C37BC6E1BEC02C80056BA12 /* CreateGroupViewController.swift in Sources */ = {isa = PBXBuildFile; fileRef = 7C37BC6D1BEC02C80056BA12 /* CreateGroupViewController.swift */; };
		7C37BC701BEC35970056BA12 /* TextField.swift in Sources */ = {isa = PBXBuildFile; fileRef = 7C37BC6F1BEC35970056BA12 /* TextField.swift */; };
		7C4F440B1C1BCE45007C627F /* CircularImageView.swift in Sources */ = {isa = PBXBuildFile; fileRef = 7C4F440A1C1BCE45007C627F /* CircularImageView.swift */; };
		7C4F440D1C1BD29B007C627F /* FriendshipCell.swift in Sources */ = {isa = PBXBuildFile; fileRef = 7C4F440C1C1BD29B007C627F /* FriendshipCell.swift */; };
		7C5142A41C0A496200954937 /* MyFriendsTableViewController.swift in Sources */ = {isa = PBXBuildFile; fileRef = 7C5142A31C0A496200954937 /* MyFriendsTableViewController.swift */; };
		7C557FE81BEEFC8500612EA8 /* PushUpSegue.swift in Sources */ = {isa = PBXBuildFile; fileRef = 7C557FE71BEEFC8500612EA8 /* PushUpSegue.swift */; };
		7C557FEA1BEF037C00612EA8 /* PushDownSegue.swift in Sources */ = {isa = PBXBuildFile; fileRef = 7C557FE91BEF037C00612EA8 /* PushDownSegue.swift */; };
		7C557FEC1BEF057B00612EA8 /* PushUpSegueUnwind.swift in Sources */ = {isa = PBXBuildFile; fileRef = 7C557FEB1BEF057B00612EA8 /* PushUpSegueUnwind.swift */; };
		7C557FEE1BEF05B700612EA8 /* PushDownSegueUnwind.swift in Sources */ = {isa = PBXBuildFile; fileRef = 7C557FED1BEF05B700612EA8 /* PushDownSegueUnwind.swift */; };
		7C7AC9B11BE7E84500E2197C /* RoundedButton.swift in Sources */ = {isa = PBXBuildFile; fileRef = 7C7AC9B01BE7E84500E2197C /* RoundedButton.swift */; };
		7C852CDB1C14A1CB00BFEC85 /* Constants.swift in Sources */ = {isa = PBXBuildFile; fileRef = 7C852CDA1C14A1CB00BFEC85 /* Constants.swift */; };
		7C8AFE601BF65EFA00EBE224 /* ContentViewController.swift in Sources */ = {isa = PBXBuildFile; fileRef = 7C8AFE5F1BF65EFA00EBE224 /* ContentViewController.swift */; };
		7C96BC9D1C096EB700D4D83F /* ProfileImageHelper.swift in Sources */ = {isa = PBXBuildFile; fileRef = 7C96BC9C1C096EB700D4D83F /* ProfileImageHelper.swift */; };
		7CECFD8E1BF1C99000F81D47 /* OnboardingViewController.swift in Sources */ = {isa = PBXBuildFile; fileRef = 7CECFD8D1BF1C99000F81D47 /* OnboardingViewController.swift */; };
		CCDB5C6A1BE7D0C200ABA1E7 /* Database.swift in Sources */ = {isa = PBXBuildFile; fileRef = CCDB5C691BE7D0C200ABA1E7 /* Database.swift */; };
		CCDB5C741BEFB7C900ABA1E7 /* AddMembersTableViewController.swift in Sources */ = {isa = PBXBuildFile; fileRef = CCDB5C731BEFB7C900ABA1E7 /* AddMembersTableViewController.swift */; };
		CCDB5C761BEFB9FD00ABA1E7 /* UserCell.swift in Sources */ = {isa = PBXBuildFile; fileRef = CCDB5C751BEFB9FD00ABA1E7 /* UserCell.swift */; };
		DFA3AC6A2D6AB1EE1EDD9A1D /* Pods_Studr.framework in Frameworks */ = {isa = PBXBuildFile; fileRef = 7BB003DA95E1815EA77A42C6 /* Pods_Studr.framework */; };
/* End PBXBuildFile section */

/* Begin PBXContainerItemProxy section */
		03434EFC1BE5653D001E34D5 /* PBXContainerItemProxy */ = {
			isa = PBXContainerItemProxy;
			containerPortal = 03434EDF1BE5653D001E34D5 /* Project object */;
			proxyType = 1;
			remoteGlobalIDString = 03434EE61BE5653D001E34D5;
			remoteInfo = Studr;
		};
		03434F071BE5653D001E34D5 /* PBXContainerItemProxy */ = {
			isa = PBXContainerItemProxy;
			containerPortal = 03434EDF1BE5653D001E34D5 /* Project object */;
			proxyType = 1;
			remoteGlobalIDString = 03434EE61BE5653D001E34D5;
			remoteInfo = Studr;
		};
/* End PBXContainerItemProxy section */

/* Begin PBXFileReference section */
		0314ED871C0A3D50007F6342 /* SettingsViewController.swift */ = {isa = PBXFileReference; fileEncoding = 4; lastKnownFileType = sourcecode.swift; path = SettingsViewController.swift; sourceTree = "<group>"; };
		03434EE71BE5653D001E34D5 /* Studr.app */ = {isa = PBXFileReference; explicitFileType = wrapper.application; includeInIndex = 0; path = Studr.app; sourceTree = BUILT_PRODUCTS_DIR; };
		03434EEA1BE5653D001E34D5 /* AppDelegate.swift */ = {isa = PBXFileReference; lastKnownFileType = sourcecode.swift; path = AppDelegate.swift; sourceTree = "<group>"; };
		03434EEF1BE5653D001E34D5 /* Base */ = {isa = PBXFileReference; lastKnownFileType = file.storyboard; name = Base; path = Base.lproj/Main.storyboard; sourceTree = "<group>"; };
		03434EF11BE5653D001E34D5 /* Assets.xcassets */ = {isa = PBXFileReference; lastKnownFileType = folder.assetcatalog; path = Assets.xcassets; sourceTree = "<group>"; };
		03434EF41BE5653D001E34D5 /* Base */ = {isa = PBXFileReference; lastKnownFileType = file.storyboard; name = Base; path = Base.lproj/LaunchScreen.storyboard; sourceTree = "<group>"; };
		03434EF61BE5653D001E34D5 /* Info.plist */ = {isa = PBXFileReference; lastKnownFileType = text.plist.xml; path = Info.plist; sourceTree = "<group>"; };
		03434EFB1BE5653D001E34D5 /* StudrTests.xctest */ = {isa = PBXFileReference; explicitFileType = wrapper.cfbundle; includeInIndex = 0; path = StudrTests.xctest; sourceTree = BUILT_PRODUCTS_DIR; };
		03434EFF1BE5653D001E34D5 /* StudrTests.swift */ = {isa = PBXFileReference; lastKnownFileType = sourcecode.swift; path = StudrTests.swift; sourceTree = "<group>"; };
		03434F011BE5653D001E34D5 /* Info.plist */ = {isa = PBXFileReference; lastKnownFileType = text.plist.xml; path = Info.plist; sourceTree = "<group>"; };
		03434F061BE5653D001E34D5 /* StudrUITests.xctest */ = {isa = PBXFileReference; explicitFileType = wrapper.cfbundle; includeInIndex = 0; path = StudrUITests.xctest; sourceTree = BUILT_PRODUCTS_DIR; };
		03434F0A1BE5653D001E34D5 /* StudrUITests.swift */ = {isa = PBXFileReference; lastKnownFileType = sourcecode.swift; path = StudrUITests.swift; sourceTree = "<group>"; };
		03434F0C1BE5653D001E34D5 /* Info.plist */ = {isa = PBXFileReference; lastKnownFileType = text.plist.xml; path = Info.plist; sourceTree = "<group>"; };
		035C93201C15112D00E2050D /* MainTabBarController.swift */ = {isa = PBXFileReference; fileEncoding = 4; lastKnownFileType = sourcecode.swift; name = MainTabBarController.swift; path = ../MainTabBarController.swift; sourceTree = "<group>"; };
		03927DE01BEBB321004C35DD /* NotificationLabel.swift */ = {isa = PBXFileReference; fileEncoding = 4; lastKnownFileType = sourcecode.swift; path = NotificationLabel.swift; sourceTree = "<group>"; };
		039D82FC1C08D97E00C9D46A /* UserCell.xib */ = {isa = PBXFileReference; fileEncoding = 4; lastKnownFileType = file.xib; path = UserCell.xib; sourceTree = "<group>"; };
		03A73B2A1C0A7E1B0033C779 /* AboutViewController.swift */ = {isa = PBXFileReference; fileEncoding = 4; lastKnownFileType = sourcecode.swift; path = AboutViewController.swift; sourceTree = "<group>"; };
		03A73B2C1C0A7E5F0033C779 /* EditProfileViewController.swift */ = {isa = PBXFileReference; fileEncoding = 4; lastKnownFileType = sourcecode.swift; path = EditProfileViewController.swift; sourceTree = "<group>"; };
		03A73B301C0A7F070033C779 /* LibrariesViewController.swift */ = {isa = PBXFileReference; fileEncoding = 4; lastKnownFileType = sourcecode.swift; path = LibrariesViewController.swift; sourceTree = "<group>"; };
		03A73B321C0A8D080033C779 /* GroupsViewController.swift */ = {isa = PBXFileReference; fileEncoding = 4; lastKnownFileType = sourcecode.swift; path = GroupsViewController.swift; sourceTree = "<group>"; };
		03B21EE31BE585F70052B0AD /* SignInViewController.swift */ = {isa = PBXFileReference; fileEncoding = 4; lastKnownFileType = sourcecode.swift; path = SignInViewController.swift; sourceTree = "<group>"; };
		03B21EE51BE5B0940052B0AD /* SignUpViewController.swift */ = {isa = PBXFileReference; fileEncoding = 4; lastKnownFileType = sourcecode.swift; path = SignUpViewController.swift; sourceTree = "<group>"; };
		03CB77701BEFD074007C21AA /* ne-UINavigationControllerExtension.swift */ = {isa = PBXFileReference; fileEncoding = 4; lastKnownFileType = sourcecode.swift; path = "ne-UINavigationControllerExtension.swift"; sourceTree = "<group>"; };
		03CB777F1BF92249007C21AA /* CustomCells.swift */ = {isa = PBXFileReference; fileEncoding = 4; lastKnownFileType = sourcecode.swift; path = CustomCells.swift; sourceTree = "<group>"; };
		03DB962C1BE8215A00B64E0C /* FontAwesome.otf */ = {isa = PBXFileReference; lastKnownFileType = file; path = FontAwesome.otf; sourceTree = "<group>"; };
		03EBCB321BE6B64500993FA4 /* ResetPasswordViewController.swift */ = {isa = PBXFileReference; fileEncoding = 4; lastKnownFileType = sourcecode.swift; path = ResetPasswordViewController.swift; sourceTree = "<group>"; };
		5BEFD51F893236256B903473 /* Pods-Studr.debug.xcconfig */ = {isa = PBXFileReference; includeInIndex = 1; lastKnownFileType = text.xcconfig; name = "Pods-Studr.debug.xcconfig"; path = "Pods/Target Support Files/Pods-Studr/Pods-Studr.debug.xcconfig"; sourceTree = "<group>"; };
		7BB003DA95E1815EA77A42C6 /* Pods_Studr.framework */ = {isa = PBXFileReference; explicitFileType = wrapper.framework; includeInIndex = 0; path = Pods_Studr.framework; sourceTree = BUILT_PRODUCTS_DIR; };
		7C13158A1C15063B00C45854 /* CAPSPageMenu.swift */ = {isa = PBXFileReference; fileEncoding = 4; lastKnownFileType = sourcecode.swift; path = CAPSPageMenu.swift; sourceTree = "<group>"; };
		7C13158E1C154B9100C45854 /* FriendViewController.swift */ = {isa = PBXFileReference; fileEncoding = 4; lastKnownFileType = sourcecode.swift; path = FriendViewController.swift; sourceTree = "<group>"; };
		7C1315901C166F1E00C45854 /* AddFriendsTableViewController.swift */ = {isa = PBXFileReference; fileEncoding = 4; lastKnownFileType = sourcecode.swift; path = AddFriendsTableViewController.swift; sourceTree = "<group>"; };
		7C1315921C17369000C45854 /* FriendshipStatus.swift */ = {isa = PBXFileReference; fileEncoding = 4; lastKnownFileType = sourcecode.swift; path = FriendshipStatus.swift; sourceTree = "<group>"; };
		7C37BC6D1BEC02C80056BA12 /* CreateGroupViewController.swift */ = {isa = PBXFileReference; fileEncoding = 4; lastKnownFileType = sourcecode.swift; path = CreateGroupViewController.swift; sourceTree = "<group>"; };
		7C37BC6F1BEC35970056BA12 /* TextField.swift */ = {isa = PBXFileReference; fileEncoding = 4; lastKnownFileType = sourcecode.swift; path = TextField.swift; sourceTree = "<group>"; };
		7C4F440A1C1BCE45007C627F /* CircularImageView.swift */ = {isa = PBXFileReference; fileEncoding = 4; lastKnownFileType = sourcecode.swift; path = CircularImageView.swift; sourceTree = "<group>"; };
		7C4F440C1C1BD29B007C627F /* FriendshipCell.swift */ = {isa = PBXFileReference; fileEncoding = 4; lastKnownFileType = sourcecode.swift; path = FriendshipCell.swift; sourceTree = "<group>"; };
		7C5142A31C0A496200954937 /* MyFriendsTableViewController.swift */ = {isa = PBXFileReference; fileEncoding = 4; lastKnownFileType = sourcecode.swift; path = MyFriendsTableViewController.swift; sourceTree = "<group>"; };
		7C557FE71BEEFC8500612EA8 /* PushUpSegue.swift */ = {isa = PBXFileReference; fileEncoding = 4; lastKnownFileType = sourcecode.swift; path = PushUpSegue.swift; sourceTree = "<group>"; };
		7C557FE91BEF037C00612EA8 /* PushDownSegue.swift */ = {isa = PBXFileReference; fileEncoding = 4; lastKnownFileType = sourcecode.swift; path = PushDownSegue.swift; sourceTree = "<group>"; };
		7C557FEB1BEF057B00612EA8 /* PushUpSegueUnwind.swift */ = {isa = PBXFileReference; fileEncoding = 4; lastKnownFileType = sourcecode.swift; path = PushUpSegueUnwind.swift; sourceTree = "<group>"; };
		7C557FED1BEF05B700612EA8 /* PushDownSegueUnwind.swift */ = {isa = PBXFileReference; fileEncoding = 4; lastKnownFileType = sourcecode.swift; path = PushDownSegueUnwind.swift; sourceTree = "<group>"; };
		7C7AC9B01BE7E84500E2197C /* RoundedButton.swift */ = {isa = PBXFileReference; fileEncoding = 4; lastKnownFileType = sourcecode.swift; path = RoundedButton.swift; sourceTree = "<group>"; };
		7C852CDA1C14A1CB00BFEC85 /* Constants.swift */ = {isa = PBXFileReference; fileEncoding = 4; lastKnownFileType = sourcecode.swift; path = Constants.swift; sourceTree = "<group>"; };
		7C8AFE5F1BF65EFA00EBE224 /* ContentViewController.swift */ = {isa = PBXFileReference; fileEncoding = 4; lastKnownFileType = sourcecode.swift; path = ContentViewController.swift; sourceTree = "<group>"; };
		7C96BC9C1C096EB700D4D83F /* ProfileImageHelper.swift */ = {isa = PBXFileReference; fileEncoding = 4; lastKnownFileType = sourcecode.swift; path = ProfileImageHelper.swift; sourceTree = "<group>"; };
		7CECFD8D1BF1C99000F81D47 /* OnboardingViewController.swift */ = {isa = PBXFileReference; fileEncoding = 4; lastKnownFileType = sourcecode.swift; path = OnboardingViewController.swift; sourceTree = "<group>"; };
		CCDB5C691BE7D0C200ABA1E7 /* Database.swift */ = {isa = PBXFileReference; fileEncoding = 4; lastKnownFileType = sourcecode.swift; path = Database.swift; sourceTree = "<group>"; };
		CCDB5C731BEFB7C900ABA1E7 /* AddMembersTableViewController.swift */ = {isa = PBXFileReference; fileEncoding = 4; lastKnownFileType = sourcecode.swift; path = AddMembersTableViewController.swift; sourceTree = "<group>"; };
		CCDB5C751BEFB9FD00ABA1E7 /* UserCell.swift */ = {isa = PBXFileReference; fileEncoding = 4; lastKnownFileType = sourcecode.swift; path = UserCell.swift; sourceTree = "<group>"; };
		E3B5FDF1BD1B74276DD453C4 /* Pods-Studr.release.xcconfig */ = {isa = PBXFileReference; includeInIndex = 1; lastKnownFileType = text.xcconfig; name = "Pods-Studr.release.xcconfig"; path = "Pods/Target Support Files/Pods-Studr/Pods-Studr.release.xcconfig"; sourceTree = "<group>"; };
/* End PBXFileReference section */

/* Begin PBXFrameworksBuildPhase section */
		03434EE41BE5653D001E34D5 /* Frameworks */ = {
			isa = PBXFrameworksBuildPhase;
			buildActionMask = 2147483647;
			files = (
				DFA3AC6A2D6AB1EE1EDD9A1D /* Pods_Studr.framework in Frameworks */,
			);
			runOnlyForDeploymentPostprocessing = 0;
		};
		03434EF81BE5653D001E34D5 /* Frameworks */ = {
			isa = PBXFrameworksBuildPhase;
			buildActionMask = 2147483647;
			files = (
			);
			runOnlyForDeploymentPostprocessing = 0;
		};
		03434F031BE5653D001E34D5 /* Frameworks */ = {
			isa = PBXFrameworksBuildPhase;
			buildActionMask = 2147483647;
			files = (
			);
			runOnlyForDeploymentPostprocessing = 0;
		};
/* End PBXFrameworksBuildPhase section */

/* Begin PBXGroup section */
		0314ED841C0A3C70007F6342 /* Settings */ = {
			isa = PBXGroup;
			children = (
				03A73B2A1C0A7E1B0033C779 /* AboutViewController.swift */,
				03A73B2C1C0A7E5F0033C779 /* EditProfileViewController.swift */,
				03A73B301C0A7F070033C779 /* LibrariesViewController.swift */,
				0314ED871C0A3D50007F6342 /* SettingsViewController.swift */,
			);
			path = Settings;
			sourceTree = "<group>";
		};
		03434EDE1BE5653D001E34D5 = {
			isa = PBXGroup;
			children = (
				03434EE91BE5653D001E34D5 /* Studr */,
				F7F88BD524691B47B83004AA /* Pods */,
				03434EE81BE5653D001E34D5 /* Products */,
				C7831B265682928FB6D34252 /* Frameworks */,
				03434EFE1BE5653D001E34D5 /* StudrTests */,
				03434F091BE5653D001E34D5 /* StudrUITests */,
			);
			sourceTree = "<group>";
		};
		03434EE81BE5653D001E34D5 /* Products */ = {
			isa = PBXGroup;
			children = (
				03434EE71BE5653D001E34D5 /* Studr.app */,
				03434EFB1BE5653D001E34D5 /* StudrTests.xctest */,
				03434F061BE5653D001E34D5 /* StudrUITests.xctest */,
			);
			name = Products;
			sourceTree = "<group>";
		};
		03434EE91BE5653D001E34D5 /* Studr */ = {
			isa = PBXGroup;
			children = (
				03B21EE11BE579A70052B0AD /* Database */,
				03B21EE21BE579BA0052B0AD /* Display */,
				03DB962B1BE8213100B64E0C /* Fonts */,
				03CB777C1BF1930F007C21AA /* Middleware */,
				03434EEA1BE5653D001E34D5 /* AppDelegate.swift */,
				03434EF11BE5653D001E34D5 /* Assets.xcassets */,
				03434EF61BE5653D001E34D5 /* Info.plist */,
				03434EF31BE5653D001E34D5 /* LaunchScreen.storyboard */,
				03434EEE1BE5653D001E34D5 /* Main.storyboard */,
				7C13158A1C15063B00C45854 /* CAPSPageMenu.swift */,
			);
			path = Studr;
			sourceTree = "<group>";
		};
		03434EFE1BE5653D001E34D5 /* StudrTests */ = {
			isa = PBXGroup;
			children = (
				03434F011BE5653D001E34D5 /* Info.plist */,
				03434EFF1BE5653D001E34D5 /* StudrTests.swift */,
			);
			path = StudrTests;
			sourceTree = "<group>";
		};
		03434F091BE5653D001E34D5 /* StudrUITests */ = {
			isa = PBXGroup;
			children = (
				03434F0C1BE5653D001E34D5 /* Info.plist */,
				03434F0A1BE5653D001E34D5 /* StudrUITests.swift */,
			);
			path = StudrUITests;
			sourceTree = "<group>";
		};
		035C93221C151CED00E2050D /* Bottom Menu */ = {
			isa = PBXGroup;
			children = (
				035C93201C15112D00E2050D /* MainTabBarController.swift */,
			);
			name = "Bottom Menu";
			sourceTree = "<group>";
		};
		03927DE21BED9057004C35DD /* Authentication */ = {
			isa = PBXGroup;
			children = (
				7C8AFE5F1BF65EFA00EBE224 /* ContentViewController.swift */,
				7CECFD8D1BF1C99000F81D47 /* OnboardingViewController.swift */,
				03EBCB321BE6B64500993FA4 /* ResetPasswordViewController.swift */,
				03B21EE31BE585F70052B0AD /* SignInViewController.swift */,
				03B21EE51BE5B0940052B0AD /* SignUpViewController.swift */,
			);
			path = Authentication;
			sourceTree = "<group>";
		};
		03B21EE11BE579A70052B0AD /* Database */ = {
			isa = PBXGroup;
			children = (
				CCDB5C691BE7D0C200ABA1E7 /* Database.swift */,
			);
			path = Database;
			sourceTree = "<group>";
		};
		03B21EE21BE579BA0052B0AD /* Display */ = {
			isa = PBXGroup;
			children = (
				035C93221C151CED00E2050D /* Bottom Menu */,
				7C5142A21C0A494900954937 /* Friends */,
				03927DE21BED9057004C35DD /* Authentication */,
				03CB77781BF19271007C21AA /* Custom Cells */,
				03CB77761BF183B5007C21AA /* Custom Controls */,
				03CB77751BF1809C007C21AA /* Custom Segues */,
				03CB777A1BF192AC007C21AA /* Groups */,
				03CB77771BF18949007C21AA /* New Group */,
				0314ED841C0A3C70007F6342 /* Settings */,
			);
			path = Display;
			sourceTree = "<group>";
		};
		03CB77751BF1809C007C21AA /* Custom Segues */ = {
			isa = PBXGroup;
			children = (
				7C557FE91BEF037C00612EA8 /* PushDownSegue.swift */,
				7C557FED1BEF05B700612EA8 /* PushDownSegueUnwind.swift */,
				7C557FE71BEEFC8500612EA8 /* PushUpSegue.swift */,
				7C557FEB1BEF057B00612EA8 /* PushUpSegueUnwind.swift */,
			);
			path = "Custom Segues";
			sourceTree = "<group>";
		};
		03CB77761BF183B5007C21AA /* Custom Controls */ = {
			isa = PBXGroup;
			children = (
				03927DE01BEBB321004C35DD /* NotificationLabel.swift */,
				7C7AC9B01BE7E84500E2197C /* RoundedButton.swift */,
				7C37BC6F1BEC35970056BA12 /* TextField.swift */,
			);
			path = "Custom Controls";
			sourceTree = "<group>";
		};
		03CB77771BF18949007C21AA /* New Group */ = {
			isa = PBXGroup;
			children = (
				CCDB5C731BEFB7C900ABA1E7 /* AddMembersTableViewController.swift */,
				7C37BC6D1BEC02C80056BA12 /* CreateGroupViewController.swift */,
				03CB777F1BF92249007C21AA /* CustomCells.swift */,
			);
			path = "New Group";
			sourceTree = "<group>";
		};
		03CB77781BF19271007C21AA /* Custom Cells */ = {
			isa = PBXGroup;
			children = (
				CCDB5C751BEFB9FD00ABA1E7 /* UserCell.swift */,
				039D82FC1C08D97E00C9D46A /* UserCell.xib */,
				7C4F440C1C1BD29B007C627F /* FriendshipCell.swift */,
			);
			path = "Custom Cells";
			sourceTree = "<group>";
		};
		03CB77791BF19289007C21AA /* Extensions */ = {
			isa = PBXGroup;
			children = (
				03CB77701BEFD074007C21AA /* ne-UINavigationControllerExtension.swift */,
			);
			path = Extensions;
			sourceTree = "<group>";
		};
		03CB777A1BF192AC007C21AA /* Groups */ = {
			isa = PBXGroup;
			children = (
				03A73B321C0A8D080033C779 /* GroupsViewController.swift */,
			);
			path = Groups;
			sourceTree = "<group>";
		};
		03CB777C1BF1930F007C21AA /* Middleware */ = {
			isa = PBXGroup;
			children = (
				03CB77791BF19289007C21AA /* Extensions */,
				7C96BC9C1C096EB700D4D83F /* ProfileImageHelper.swift */,
				7C852CDA1C14A1CB00BFEC85 /* Constants.swift */,
				7C4F440A1C1BCE45007C627F /* CircularImageView.swift */,
			);
			path = Middleware;
			sourceTree = "<group>";
		};
		03DB962B1BE8213100B64E0C /* Fonts */ = {
			isa = PBXGroup;
			children = (
				03DB962C1BE8215A00B64E0C /* FontAwesome.otf */,
			);
			path = Fonts;
			sourceTree = "<group>";
		};
		7C5142A21C0A494900954937 /* Friends */ = {
			isa = PBXGroup;
			children = (
				7C5142A31C0A496200954937 /* MyFriendsTableViewController.swift */,
				7C13158E1C154B9100C45854 /* FriendViewController.swift */,
				7C1315901C166F1E00C45854 /* AddFriendsTableViewController.swift */,
				7C1315921C17369000C45854 /* FriendshipStatus.swift */,
			);
			name = Friends;
			sourceTree = "<group>";
		};
		C7831B265682928FB6D34252 /* Frameworks */ = {
			isa = PBXGroup;
			children = (
				7BB003DA95E1815EA77A42C6 /* Pods_Studr.framework */,
			);
			name = Frameworks;
			sourceTree = "<group>";
		};
		F7F88BD524691B47B83004AA /* Pods */ = {
			isa = PBXGroup;
			children = (
				5BEFD51F893236256B903473 /* Pods-Studr.debug.xcconfig */,
				E3B5FDF1BD1B74276DD453C4 /* Pods-Studr.release.xcconfig */,
			);
			name = Pods;
			sourceTree = "<group>";
		};
/* End PBXGroup section */

/* Begin PBXNativeTarget section */
		03434EE61BE5653D001E34D5 /* Studr */ = {
			isa = PBXNativeTarget;
			buildConfigurationList = 03434F0F1BE5653D001E34D5 /* Build configuration list for PBXNativeTarget "Studr" */;
			buildPhases = (
				CFB9A7F02341F2AE1989FC40 /* Check Pods Manifest.lock */,
				03434EE31BE5653D001E34D5 /* Sources */,
				03434EE41BE5653D001E34D5 /* Frameworks */,
				03434EE51BE5653D001E34D5 /* Resources */,
				1959DF30D9D6731476EC490D /* Embed Pods Frameworks */,
				25D3FEB8091454107B381866 /* Copy Pods Resources */,
				7C5142A51C0BDEB400954937 /* ShellScript */,
			);
			buildRules = (
			);
			dependencies = (
			);
			name = Studr;
			productName = Studr;
			productReference = 03434EE71BE5653D001E34D5 /* Studr.app */;
			productType = "com.apple.product-type.application";
		};
		03434EFA1BE5653D001E34D5 /* StudrTests */ = {
			isa = PBXNativeTarget;
			buildConfigurationList = 03434F121BE5653D001E34D5 /* Build configuration list for PBXNativeTarget "StudrTests" */;
			buildPhases = (
				03434EF71BE5653D001E34D5 /* Sources */,
				03434EF81BE5653D001E34D5 /* Frameworks */,
				03434EF91BE5653D001E34D5 /* Resources */,
			);
			buildRules = (
			);
			dependencies = (
				03434EFD1BE5653D001E34D5 /* PBXTargetDependency */,
			);
			name = StudrTests;
			productName = StudrTests;
			productReference = 03434EFB1BE5653D001E34D5 /* StudrTests.xctest */;
			productType = "com.apple.product-type.bundle.unit-test";
		};
		03434F051BE5653D001E34D5 /* StudrUITests */ = {
			isa = PBXNativeTarget;
			buildConfigurationList = 03434F151BE5653D001E34D5 /* Build configuration list for PBXNativeTarget "StudrUITests" */;
			buildPhases = (
				03434F021BE5653D001E34D5 /* Sources */,
				03434F031BE5653D001E34D5 /* Frameworks */,
				03434F041BE5653D001E34D5 /* Resources */,
			);
			buildRules = (
			);
			dependencies = (
				03434F081BE5653D001E34D5 /* PBXTargetDependency */,
			);
			name = StudrUITests;
			productName = StudrUITests;
			productReference = 03434F061BE5653D001E34D5 /* StudrUITests.xctest */;
			productType = "com.apple.product-type.bundle.ui-testing";
		};
/* End PBXNativeTarget section */

/* Begin PBXProject section */
		03434EDF1BE5653D001E34D5 /* Project object */ = {
			isa = PBXProject;
			attributes = {
				LastSwiftUpdateCheck = 0710;
				LastUpgradeCheck = 0710;
				ORGANIZATIONNAME = JJR;
				TargetAttributes = {
					03434EE61BE5653D001E34D5 = {
						CreatedOnToolsVersion = 7.1;
					};
					03434EFA1BE5653D001E34D5 = {
						CreatedOnToolsVersion = 7.1;
						TestTargetID = 03434EE61BE5653D001E34D5;
					};
					03434F051BE5653D001E34D5 = {
						CreatedOnToolsVersion = 7.1;
						TestTargetID = 03434EE61BE5653D001E34D5;
					};
				};
			};
			buildConfigurationList = 03434EE21BE5653D001E34D5 /* Build configuration list for PBXProject "Studr" */;
			compatibilityVersion = "Xcode 3.2";
			developmentRegion = English;
			hasScannedForEncodings = 0;
			knownRegions = (
				en,
				Base,
			);
			mainGroup = 03434EDE1BE5653D001E34D5;
			productRefGroup = 03434EE81BE5653D001E34D5 /* Products */;
			projectDirPath = "";
			projectRoot = "";
			targets = (
				03434EE61BE5653D001E34D5 /* Studr */,
				03434EFA1BE5653D001E34D5 /* StudrTests */,
				03434F051BE5653D001E34D5 /* StudrUITests */,
			);
		};
/* End PBXProject section */

/* Begin PBXResourcesBuildPhase section */
		03434EE51BE5653D001E34D5 /* Resources */ = {
			isa = PBXResourcesBuildPhase;
			buildActionMask = 2147483647;
			files = (
				039D82FD1C08D97E00C9D46A /* UserCell.xib in Resources */,
				03DB962D1BE821F000B64E0C /* FontAwesome.otf in Resources */,
				03434EF51BE5653D001E34D5 /* LaunchScreen.storyboard in Resources */,
				03434EF21BE5653D001E34D5 /* Assets.xcassets in Resources */,
				03434EF01BE5653D001E34D5 /* Main.storyboard in Resources */,
			);
			runOnlyForDeploymentPostprocessing = 0;
		};
		03434EF91BE5653D001E34D5 /* Resources */ = {
			isa = PBXResourcesBuildPhase;
			buildActionMask = 2147483647;
			files = (
			);
			runOnlyForDeploymentPostprocessing = 0;
		};
		03434F041BE5653D001E34D5 /* Resources */ = {
			isa = PBXResourcesBuildPhase;
			buildActionMask = 2147483647;
			files = (
			);
			runOnlyForDeploymentPostprocessing = 0;
		};
/* End PBXResourcesBuildPhase section */

/* Begin PBXShellScriptBuildPhase section */
		1959DF30D9D6731476EC490D /* Embed Pods Frameworks */ = {
			isa = PBXShellScriptBuildPhase;
			buildActionMask = 2147483647;
			files = (
			);
			inputPaths = (
			);
			name = "Embed Pods Frameworks";
			outputPaths = (
			);
			runOnlyForDeploymentPostprocessing = 0;
			shellPath = /bin/sh;
			shellScript = "\"${SRCROOT}/Pods/Target Support Files/Pods-Studr/Pods-Studr-frameworks.sh\"\n";
			showEnvVarsInLog = 0;
		};
		25D3FEB8091454107B381866 /* Copy Pods Resources */ = {
			isa = PBXShellScriptBuildPhase;
			buildActionMask = 2147483647;
			files = (
			);
			inputPaths = (
			);
			name = "Copy Pods Resources";
			outputPaths = (
			);
			runOnlyForDeploymentPostprocessing = 0;
			shellPath = /bin/sh;
			shellScript = "\"${SRCROOT}/Pods/Target Support Files/Pods-Studr/Pods-Studr-resources.sh\"\n";
			showEnvVarsInLog = 0;
		};
		7C5142A51C0BDEB400954937 /* ShellScript */ = {
			isa = PBXShellScriptBuildPhase;
			buildActionMask = 2147483647;
			files = (
			);
			inputPaths = (
			);
			outputPaths = (
			);
			runOnlyForDeploymentPostprocessing = 0;
			shellPath = /bin/sh;
			shellScript = "if which swiftlint >/dev/null; then\n    swiftlint\nelse\n    echo \"SwiftLint does not exist, download from https://github.com/realm/SwiftLint\"\nfi";
		};
		CFB9A7F02341F2AE1989FC40 /* Check Pods Manifest.lock */ = {
			isa = PBXShellScriptBuildPhase;
			buildActionMask = 2147483647;
			files = (
			);
			inputPaths = (
			);
			name = "Check Pods Manifest.lock";
			outputPaths = (
			);
			runOnlyForDeploymentPostprocessing = 0;
			shellPath = /bin/sh;
			shellScript = "diff \"${PODS_ROOT}/../Podfile.lock\" \"${PODS_ROOT}/Manifest.lock\" > /dev/null\nif [[ $? != 0 ]] ; then\n    cat << EOM\nerror: The sandbox is not in sync with the Podfile.lock. Run 'pod install' or update your CocoaPods installation.\nEOM\n    exit 1\nfi\n";
			showEnvVarsInLog = 0;
		};
/* End PBXShellScriptBuildPhase section */

/* Begin PBXSourcesBuildPhase section */
		03434EE31BE5653D001E34D5 /* Sources */ = {
			isa = PBXSourcesBuildPhase;
			buildActionMask = 2147483647;
			files = (
				03B21EE41BE585F70052B0AD /* SignInViewController.swift in Sources */,
				7C1315931C17369100C45854 /* FriendshipStatus.swift in Sources */,
				7C1315911C166F1E00C45854 /* AddFriendsTableViewController.swift in Sources */,
				7C37BC701BEC35970056BA12 /* TextField.swift in Sources */,
				7C5142A41C0A496200954937 /* MyFriendsTableViewController.swift in Sources */,
				7C8AFE601BF65EFA00EBE224 /* ContentViewController.swift in Sources */,
				7C7AC9B11BE7E84500E2197C /* RoundedButton.swift in Sources */,
				7C13158B1C15063B00C45854 /* CAPSPageMenu.swift in Sources */,
				03A73B331C0A8D080033C779 /* GroupsViewController.swift in Sources */,
				03B21EE61BE5B0940052B0AD /* SignUpViewController.swift in Sources */,
				7C557FEC1BEF057B00612EA8 /* PushUpSegueUnwind.swift in Sources */,
				03CB77711BEFD074007C21AA /* ne-UINavigationControllerExtension.swift in Sources */,
				7C852CDB1C14A1CB00BFEC85 /* Constants.swift in Sources */,
				03CB77801BF92249007C21AA /* CustomCells.swift in Sources */,
				7C557FEA1BEF037C00612EA8 /* PushDownSegue.swift in Sources */,
				03434EEB1BE5653D001E34D5 /* AppDelegate.swift in Sources */,
				7C4F440B1C1BCE45007C627F /* CircularImageView.swift in Sources */,
				7CECFD8E1BF1C99000F81D47 /* OnboardingViewController.swift in Sources */,
				03A73B2B1C0A7E1B0033C779 /* AboutViewController.swift in Sources */,
				7C13158F1C154B9100C45854 /* FriendViewController.swift in Sources */,
				CCDB5C6A1BE7D0C200ABA1E7 /* Database.swift in Sources */,
				7C557FEE1BEF05B700612EA8 /* PushDownSegueUnwind.swift in Sources */,
				CCDB5C741BEFB7C900ABA1E7 /* AddMembersTableViewController.swift in Sources */,
				03A73B2D1C0A7E5F0033C779 /* EditProfileViewController.swift in Sources */,
				7C557FE81BEEFC8500612EA8 /* PushUpSegue.swift in Sources */,
				035C93211C15112D00E2050D /* MainTabBarController.swift in Sources */,
				7C96BC9D1C096EB700D4D83F /* ProfileImageHelper.swift in Sources */,
				7C4F440D1C1BD29B007C627F /* FriendshipCell.swift in Sources */,
				CCDB5C761BEFB9FD00ABA1E7 /* UserCell.swift in Sources */,
				03A73B311C0A7F070033C779 /* LibrariesViewController.swift in Sources */,
				7C37BC6E1BEC02C80056BA12 /* CreateGroupViewController.swift in Sources */,
				0314ED881C0A3D50007F6342 /* SettingsViewController.swift in Sources */,
				03EBCB331BE6B64500993FA4 /* ResetPasswordViewController.swift in Sources */,
				03927DE11BEBB321004C35DD /* NotificationLabel.swift in Sources */,
			);
			runOnlyForDeploymentPostprocessing = 0;
		};
		03434EF71BE5653D001E34D5 /* Sources */ = {
			isa = PBXSourcesBuildPhase;
			buildActionMask = 2147483647;
			files = (
				03434F001BE5653D001E34D5 /* StudrTests.swift in Sources */,
			);
			runOnlyForDeploymentPostprocessing = 0;
		};
		03434F021BE5653D001E34D5 /* Sources */ = {
			isa = PBXSourcesBuildPhase;
			buildActionMask = 2147483647;
			files = (
				03434F0B1BE5653D001E34D5 /* StudrUITests.swift in Sources */,
			);
			runOnlyForDeploymentPostprocessing = 0;
		};
/* End PBXSourcesBuildPhase section */

/* Begin PBXTargetDependency section */
		03434EFD1BE5653D001E34D5 /* PBXTargetDependency */ = {
			isa = PBXTargetDependency;
			target = 03434EE61BE5653D001E34D5 /* Studr */;
			targetProxy = 03434EFC1BE5653D001E34D5 /* PBXContainerItemProxy */;
		};
		03434F081BE5653D001E34D5 /* PBXTargetDependency */ = {
			isa = PBXTargetDependency;
			target = 03434EE61BE5653D001E34D5 /* Studr */;
			targetProxy = 03434F071BE5653D001E34D5 /* PBXContainerItemProxy */;
		};
/* End PBXTargetDependency section */

/* Begin PBXVariantGroup section */
		03434EEE1BE5653D001E34D5 /* Main.storyboard */ = {
			isa = PBXVariantGroup;
			children = (
				03434EEF1BE5653D001E34D5 /* Base */,
			);
			name = Main.storyboard;
			path = .;
			sourceTree = "<group>";
		};
		03434EF31BE5653D001E34D5 /* LaunchScreen.storyboard */ = {
			isa = PBXVariantGroup;
			children = (
				03434EF41BE5653D001E34D5 /* Base */,
			);
			name = LaunchScreen.storyboard;
			path = .;
			sourceTree = "<group>";
		};
/* End PBXVariantGroup section */

/* Begin XCBuildConfiguration section */
		03434F0D1BE5653D001E34D5 /* Debug */ = {
			isa = XCBuildConfiguration;
			buildSettings = {
				ALWAYS_SEARCH_USER_PATHS = NO;
				CLANG_CXX_LANGUAGE_STANDARD = "gnu++0x";
				CLANG_CXX_LIBRARY = "libc++";
				CLANG_ENABLE_MODULES = YES;
				CLANG_ENABLE_OBJC_ARC = YES;
				CLANG_WARN_BOOL_CONVERSION = YES;
				CLANG_WARN_CONSTANT_CONVERSION = YES;
				CLANG_WARN_DIRECT_OBJC_ISA_USAGE = YES_ERROR;
				CLANG_WARN_EMPTY_BODY = YES;
				CLANG_WARN_ENUM_CONVERSION = YES;
				CLANG_WARN_INT_CONVERSION = YES;
				CLANG_WARN_OBJC_ROOT_CLASS = YES_ERROR;
				CLANG_WARN_UNREACHABLE_CODE = YES;
				CLANG_WARN__DUPLICATE_METHOD_MATCH = YES;
				"CODE_SIGN_IDENTITY[sdk=iphoneos*]" = "iPhone Developer";
				COPY_PHASE_STRIP = NO;
				DEBUG_INFORMATION_FORMAT = dwarf;
				ENABLE_STRICT_OBJC_MSGSEND = YES;
				ENABLE_TESTABILITY = YES;
				GCC_C_LANGUAGE_STANDARD = gnu99;
				GCC_DYNAMIC_NO_PIC = NO;
				GCC_NO_COMMON_BLOCKS = YES;
				GCC_OPTIMIZATION_LEVEL = 0;
				GCC_PREPROCESSOR_DEFINITIONS = (
					"DEBUG=1",
					"$(inherited)",
				);
				GCC_WARN_64_TO_32_BIT_CONVERSION = YES;
				GCC_WARN_ABOUT_RETURN_TYPE = YES_ERROR;
				GCC_WARN_UNDECLARED_SELECTOR = YES;
				GCC_WARN_UNINITIALIZED_AUTOS = YES_AGGRESSIVE;
				GCC_WARN_UNUSED_FUNCTION = YES;
				GCC_WARN_UNUSED_VARIABLE = YES;
				IPHONEOS_DEPLOYMENT_TARGET = 9.1;
				MTL_ENABLE_DEBUG_INFO = YES;
				ONLY_ACTIVE_ARCH = YES;
				SDKROOT = iphoneos;
				SWIFT_OPTIMIZATION_LEVEL = "-Onone";
				TARGETED_DEVICE_FAMILY = "1,2";
			};
			name = Debug;
		};
		03434F0E1BE5653D001E34D5 /* Release */ = {
			isa = XCBuildConfiguration;
			buildSettings = {
				ALWAYS_SEARCH_USER_PATHS = NO;
				CLANG_CXX_LANGUAGE_STANDARD = "gnu++0x";
				CLANG_CXX_LIBRARY = "libc++";
				CLANG_ENABLE_MODULES = YES;
				CLANG_ENABLE_OBJC_ARC = YES;
				CLANG_WARN_BOOL_CONVERSION = YES;
				CLANG_WARN_CONSTANT_CONVERSION = YES;
				CLANG_WARN_DIRECT_OBJC_ISA_USAGE = YES_ERROR;
				CLANG_WARN_EMPTY_BODY = YES;
				CLANG_WARN_ENUM_CONVERSION = YES;
				CLANG_WARN_INT_CONVERSION = YES;
				CLANG_WARN_OBJC_ROOT_CLASS = YES_ERROR;
				CLANG_WARN_UNREACHABLE_CODE = YES;
				CLANG_WARN__DUPLICATE_METHOD_MATCH = YES;
				"CODE_SIGN_IDENTITY[sdk=iphoneos*]" = "iPhone Developer";
				COPY_PHASE_STRIP = NO;
				DEBUG_INFORMATION_FORMAT = "dwarf-with-dsym";
				ENABLE_NS_ASSERTIONS = NO;
				ENABLE_STRICT_OBJC_MSGSEND = YES;
				GCC_C_LANGUAGE_STANDARD = gnu99;
				GCC_NO_COMMON_BLOCKS = YES;
				GCC_WARN_64_TO_32_BIT_CONVERSION = YES;
				GCC_WARN_ABOUT_RETURN_TYPE = YES_ERROR;
				GCC_WARN_UNDECLARED_SELECTOR = YES;
				GCC_WARN_UNINITIALIZED_AUTOS = YES_AGGRESSIVE;
				GCC_WARN_UNUSED_FUNCTION = YES;
				GCC_WARN_UNUSED_VARIABLE = YES;
				IPHONEOS_DEPLOYMENT_TARGET = 9.1;
				MTL_ENABLE_DEBUG_INFO = NO;
				SDKROOT = iphoneos;
				TARGETED_DEVICE_FAMILY = "1,2";
				VALIDATE_PRODUCT = YES;
			};
			name = Release;
		};
		03434F101BE5653D001E34D5 /* Debug */ = {
			isa = XCBuildConfiguration;
			baseConfigurationReference = 5BEFD51F893236256B903473 /* Pods-Studr.debug.xcconfig */;
			buildSettings = {
				ASSETCATALOG_COMPILER_APPICON_NAME = AppIcon;
				CODE_SIGN_IDENTITY = "iPhone Developer";
				ENABLE_BITCODE = NO;
				INFOPLIST_FILE = Studr/Info.plist;
				LD_RUNPATH_SEARCH_PATHS = "$(inherited) @executable_path/Frameworks";
				PRODUCT_BUNDLE_IDENTIFIER = jjr.Studr;
				PRODUCT_NAME = "$(TARGET_NAME)";
			};
			name = Debug;
		};
		03434F111BE5653D001E34D5 /* Release */ = {
			isa = XCBuildConfiguration;
			baseConfigurationReference = E3B5FDF1BD1B74276DD453C4 /* Pods-Studr.release.xcconfig */;
			buildSettings = {
				ASSETCATALOG_COMPILER_APPICON_NAME = AppIcon;
				CODE_SIGN_IDENTITY = "iPhone Developer";
				ENABLE_BITCODE = NO;
				INFOPLIST_FILE = Studr/Info.plist;
				LD_RUNPATH_SEARCH_PATHS = "$(inherited) @executable_path/Frameworks";
				PRODUCT_BUNDLE_IDENTIFIER = jjr.Studr;
				PRODUCT_NAME = "$(TARGET_NAME)";
			};
			name = Release;
		};
		03434F131BE5653D001E34D5 /* Debug */ = {
			isa = XCBuildConfiguration;
			buildSettings = {
				BUNDLE_LOADER = "$(TEST_HOST)";
				INFOPLIST_FILE = StudrTests/Info.plist;
				LD_RUNPATH_SEARCH_PATHS = "$(inherited) @executable_path/Frameworks @loader_path/Frameworks";
				PRODUCT_BUNDLE_IDENTIFIER = jjr.StudrTests;
				PRODUCT_NAME = "$(TARGET_NAME)";
				TEST_HOST = "$(BUILT_PRODUCTS_DIR)/Studr.app/Studr";
			};
			name = Debug;
		};
		03434F141BE5653D001E34D5 /* Release */ = {
			isa = XCBuildConfiguration;
			buildSettings = {
				BUNDLE_LOADER = "$(TEST_HOST)";
				INFOPLIST_FILE = StudrTests/Info.plist;
				LD_RUNPATH_SEARCH_PATHS = "$(inherited) @executable_path/Frameworks @loader_path/Frameworks";
				PRODUCT_BUNDLE_IDENTIFIER = jjr.StudrTests;
				PRODUCT_NAME = "$(TARGET_NAME)";
				TEST_HOST = "$(BUILT_PRODUCTS_DIR)/Studr.app/Studr";
			};
			name = Release;
		};
		03434F161BE5653D001E34D5 /* Debug */ = {
			isa = XCBuildConfiguration;
			buildSettings = {
				INFOPLIST_FILE = StudrUITests/Info.plist;
				LD_RUNPATH_SEARCH_PATHS = "$(inherited) @executable_path/Frameworks @loader_path/Frameworks";
				PRODUCT_BUNDLE_IDENTIFIER = jjr.StudrUITests;
				PRODUCT_NAME = "$(TARGET_NAME)";
				TEST_TARGET_NAME = Studr;
				USES_XCTRUNNER = YES;
			};
			name = Debug;
		};
		03434F171BE5653D001E34D5 /* Release */ = {
			isa = XCBuildConfiguration;
			buildSettings = {
				INFOPLIST_FILE = StudrUITests/Info.plist;
				LD_RUNPATH_SEARCH_PATHS = "$(inherited) @executable_path/Frameworks @loader_path/Frameworks";
				PRODUCT_BUNDLE_IDENTIFIER = jjr.StudrUITests;
				PRODUCT_NAME = "$(TARGET_NAME)";
				TEST_TARGET_NAME = Studr;
				USES_XCTRUNNER = YES;
			};
			name = Release;
		};
/* End XCBuildConfiguration section */

/* Begin XCConfigurationList section */
		03434EE21BE5653D001E34D5 /* Build configuration list for PBXProject "Studr" */ = {
			isa = XCConfigurationList;
			buildConfigurations = (
				03434F0D1BE5653D001E34D5 /* Debug */,
				03434F0E1BE5653D001E34D5 /* Release */,
			);
			defaultConfigurationIsVisible = 0;
			defaultConfigurationName = Release;
		};
		03434F0F1BE5653D001E34D5 /* Build configuration list for PBXNativeTarget "Studr" */ = {
			isa = XCConfigurationList;
			buildConfigurations = (
				03434F101BE5653D001E34D5 /* Debug */,
				03434F111BE5653D001E34D5 /* Release */,
			);
			defaultConfigurationIsVisible = 0;
			defaultConfigurationName = Release;
		};
		03434F121BE5653D001E34D5 /* Build configuration list for PBXNativeTarget "StudrTests" */ = {
			isa = XCConfigurationList;
			buildConfigurations = (
				03434F131BE5653D001E34D5 /* Debug */,
				03434F141BE5653D001E34D5 /* Release */,
			);
			defaultConfigurationIsVisible = 0;
			defaultConfigurationName = Release;
		};
		03434F151BE5653D001E34D5 /* Build configuration list for PBXNativeTarget "StudrUITests" */ = {
			isa = XCConfigurationList;
			buildConfigurations = (
				03434F161BE5653D001E34D5 /* Debug */,
				03434F171BE5653D001E34D5 /* Release */,
			);
			defaultConfigurationIsVisible = 0;
			defaultConfigurationName = Release;
		};
/* End XCConfigurationList section */
	};
	rootObject = 03434EDF1BE5653D001E34D5 /* Project object */;
}
